{
  "name": "onmy",
  "version": "1.0.0",
  "lockfileVersion": 2,
  "requires": true,
  "packages": {
    "": {
      "name": "onmy",
      "version": "1.0.0",
      "license": "ISC",
      "dependencies": {
        "nicolia-miniprogram": "^0.0.3"
      }
    },
    "node_modules/nicolia-miniprogram": {
      "version": "0.0.3",
      "resolved": "https://registry.npmjs.org/nicolia-miniprogram/-/nicolia-miniprogram-0.0.3.tgz",
      "integrity": "sha512-jS0tgqVhWCrsfgiF0WhZcewpyp/h4yDKU1RUAtj5HCCM6Hh7R711n668yLAd2SUYoIKWo6lOztydZS1iHcR/TQ=="
    }
  },
  "dependencies": {
    "nicolia-miniprogram": {
      "version": "0.0.3",
      "resolved": "https://registry.npmjs.org/nicolia-miniprogram/-/nicolia-miniprogram-0.0.3.tgz",
      "integrity": "sha512-jS0tgqVhWCrsfgiF0WhZcewpyp/h4yDKU1RUAtj5HCCM6Hh7R711n668yLAd2SUYoIKWo6lOztydZS1iHcR/TQ=="
    }
  }
}
